
Microsoft Visual Studio Solution File, Format Version 12.00
# Visual Studio 2012
Project("{8BC9CEB8-8B4A-11D0-8D11-00A0C91BC942}") = "CppUnitTestExample", "CppUnitTestExample\CppUnitTestExample.vcxproj", "{F36C906E-82DD-4FD6-995B-64EC10190FAB}"
EndProject
Project("{8BC9CEB8-8B4A-11D0-8D11-00A0C91BC942}") = "UnitTest", "UnitTest\UnitTest.vcxproj", "{7C47A662-F53D-494B-A8A3-74EB47AEE168}"
EndProject
Global
	GlobalSection(SolutionConfigurationPlatforms) = preSolution
		Debug|Win32 = Debug|Win32
		Release|Win32 = Release|Win32
	EndGlobalSection
	GlobalSection(ProjectConfigurationPlatforms) = postSolution
		{F36C906E-82DD-4FD6-995B-64EC10190FAB}.Debug|Win32.ActiveCfg = Debug|Win32
		{F36C906E-82DD-4FD6-995B-64EC10190FAB}.Debug|Win32.Build.0 = Debug|Win32
		{F36C906E-82DD-4FD6-995B-64EC10190FAB}.Release|Win32.ActiveCfg = Release|Win32
		{F36C906E-82DD-4FD6-995B-64EC10190FAB}.Release|Win32.Build.0 = Release|Win32
		{7C47A662-F53D-494B-A8A3-74EB47AEE168}.Debug|Win32.ActiveCfg = Debug|Win32
		{7C47A662-F53D-494B-A8A3-74EB47AEE168}.Debug|Win32.Build.0 = Debug|Win32
		{7C47A662-F53D-494B-A8A3-74EB47AEE168}.Release|Win32.ActiveCfg = Release|Win32
		{7C47A662-F53D-494B-A8A3-74EB47AEE168}.Release|Win32.Build.0 = Release|Win32
	EndGlobalSection
	GlobalSection(SolutionProperties) = preSolution
		HideSolutionNode = FALSE
	EndGlobalSection
EndGlobal
